
Microsoft Visual Studio Solution File, Format Version 12.00
# Visual Studio 15
VisualStudioVersion = 15.0.27130.0
MinimumVisualStudioVersion = 10.0.40219.1
Project("{FAE04EC0-301F-11D3-BF4B-00C04F79EFBC}") = "Mirriot.UWP", "Mirriot.UWP\Mirriot.UWP.csproj", "{EFC31295-A4CE-426C-AE3C-7E1C4999A4BD}"
EndProject
Project("{FAE04EC0-301F-11D3-BF4B-00C04F79EFBC}") = "Miriot.JavascriptHandler", "Miriot.JavascriptHandler\Miriot.JavascriptHandler.csproj", "{F264AE09-E519-4F11-B7FC-B2DCAF065EFD}"
EndProject
Project("{9A19103F-16F7-4668-BE54-9A1E7A4F7556}") = "Miriot", "Miriot\Miriot.csproj", "{B89DC383-614A-49B2-A745-B7681441E4B7}"
EndProject
Project("{9A19103F-16F7-4668-BE54-9A1E7A4F7556}") = "Miriot.Cognitive", "Miriot.Cognitive\Miriot.Cognitive.csproj", "{56693705-0D1F-4CEC-B492-57465CE1AF84}"
EndProject
Project("{9A19103F-16F7-4668-BE54-9A1E7A4F7556}") = "Miriot.Api", "Miriot.Api\Miriot.Api.csproj", "{09171C31-27EB-4376-93BF-20DA4C2CC133}"
EndProject
Global
	GlobalSection(SolutionConfigurationPlatforms) = preSolution
		Debug|Any CPU = Debug|Any CPU
		Debug|ARM = Debug|ARM
		Debug|x64 = Debug|x64
		Debug|x86 = Debug|x86
		Mock|Any CPU = Mock|Any CPU
		Mock|ARM = Mock|ARM
		Mock|x64 = Mock|x64
		Mock|x86 = Mock|x86
		Release|Any CPU = Release|Any CPU
		Release|ARM = Release|ARM
		Release|x64 = Release|x64
		Release|x86 = Release|x86
	EndGlobalSection
	GlobalSection(ProjectConfigurationPlatforms) = postSolution
		{EFC31295-A4CE-426C-AE3C-7E1C4999A4BD}.Debug|Any CPU.ActiveCfg = Debug|x86
		{EFC31295-A4CE-426C-AE3C-7E1C4999A4BD}.Debug|Any CPU.Build.0 = Debug|x86
		{EFC31295-A4CE-426C-AE3C-7E1C4999A4BD}.Debug|Any CPU.Deploy.0 = Debug|x86
		{EFC31295-A4CE-426C-AE3C-7E1C4999A4BD}.Debug|ARM.ActiveCfg = Debug|ARM
		{EFC31295-A4CE-426C-AE3C-7E1C4999A4BD}.Debug|ARM.Build.0 = Debug|ARM
		{EFC31295-A4CE-426C-AE3C-7E1C4999A4BD}.Debug|ARM.Deploy.0 = Debug|ARM
		{EFC31295-A4CE-426C-AE3C-7E1C4999A4BD}.Debug|x64.ActiveCfg = Debug|x64
		{EFC31295-A4CE-426C-AE3C-7E1C4999A4BD}.Debug|x64.Build.0 = Debug|x64
		{EFC31295-A4CE-426C-AE3C-7E1C4999A4BD}.Debug|x64.Deploy.0 = Debug|x64
		{EFC31295-A4CE-426C-AE3C-7E1C4999A4BD}.Debug|x86.ActiveCfg = Debug|x86
		{EFC31295-A4CE-426C-AE3C-7E1C4999A4BD}.Debug|x86.Build.0 = Debug|x86
		{EFC31295-A4CE-426C-AE3C-7E1C4999A4BD}.Debug|x86.Deploy.0 = Debug|x86
		{EFC31295-A4CE-426C-AE3C-7E1C4999A4BD}.Mock|Any CPU.ActiveCfg = Mock|x86
		{EFC31295-A4CE-426C-AE3C-7E1C4999A4BD}.Mock|Any CPU.Build.0 = Mock|x86
		{EFC31295-A4CE-426C-AE3C-7E1C4999A4BD}.Mock|Any CPU.Deploy.0 = Mock|x86
		{EFC31295-A4CE-426C-AE3C-7E1C4999A4BD}.Mock|ARM.ActiveCfg = Mock|ARM
		{EFC31295-A4CE-426C-AE3C-7E1C4999A4BD}.Mock|ARM.Build.0 = Mock|ARM
		{EFC31295-A4CE-426C-AE3C-7E1C4999A4BD}.Mock|ARM.Deploy.0 = Mock|ARM
		{EFC31295-A4CE-426C-AE3C-7E1C4999A4BD}.Mock|x64.ActiveCfg = Mock|x64
		{EFC31295-A4CE-426C-AE3C-7E1C4999A4BD}.Mock|x64.Build.0 = Mock|x64
		{EFC31295-A4CE-426C-AE3C-7E1C4999A4BD}.Mock|x64.Deploy.0 = Mock|x64
		{EFC31295-A4CE-426C-AE3C-7E1C4999A4BD}.Mock|x86.ActiveCfg = Mock|x86
		{EFC31295-A4CE-426C-AE3C-7E1C4999A4BD}.Mock|x86.Build.0 = Mock|x86
		{EFC31295-A4CE-426C-AE3C-7E1C4999A4BD}.Mock|x86.Deploy.0 = Mock|x86
		{EFC31295-A4CE-426C-AE3C-7E1C4999A4BD}.Release|Any CPU.ActiveCfg = Release|x86
		{EFC31295-A4CE-426C-AE3C-7E1C4999A4BD}.Release|ARM.ActiveCfg = Release|ARM
		{EFC31295-A4CE-426C-AE3C-7E1C4999A4BD}.Release|ARM.Build.0 = Release|ARM
		{EFC31295-A4CE-426C-AE3C-7E1C4999A4BD}.Release|ARM.Deploy.0 = Release|ARM
		{EFC31295-A4CE-426C-AE3C-7E1C4999A4BD}.Release|x64.ActiveCfg = Release|x64
		{EFC31295-A4CE-426C-AE3C-7E1C4999A4BD}.Release|x64.Build.0 = Release|x64
		{EFC31295-A4CE-426C-AE3C-7E1C4999A4BD}.Release|x64.Deploy.0 = Release|x64
		{EFC31295-A4CE-426C-AE3C-7E1C4999A4BD}.Release|x86.ActiveCfg = Release|x86
		{EFC31295-A4CE-426C-AE3C-7E1C4999A4BD}.Release|x86.Build.0 = Release|x86
		{EFC31295-A4CE-426C-AE3C-7E1C4999A4BD}.Release|x86.Deploy.0 = Release|x86
		{F264AE09-E519-4F11-B7FC-B2DCAF065EFD}.Debug|Any CPU.ActiveCfg = Debug|Any CPU
		{F264AE09-E519-4F11-B7FC-B2DCAF065EFD}.Debug|Any CPU.Build.0 = Debug|Any CPU
		{F264AE09-E519-4F11-B7FC-B2DCAF065EFD}.Debug|ARM.ActiveCfg = Debug|ARM
		{F264AE09-E519-4F11-B7FC-B2DCAF065EFD}.Debug|ARM.Build.0 = Debug|ARM
		{F264AE09-E519-4F11-B7FC-B2DCAF065EFD}.Debug|x64.ActiveCfg = Debug|x64
		{F264AE09-E519-4F11-B7FC-B2DCAF065EFD}.Debug|x64.Build.0 = Debug|x64
		{F264AE09-E519-4F11-B7FC-B2DCAF065EFD}.Debug|x86.ActiveCfg = Debug|x86
		{F264AE09-E519-4F11-B7FC-B2DCAF065EFD}.Debug|x86.Build.0 = Debug|x86
		{F264AE09-E519-4F11-B7FC-B2DCAF065EFD}.Mock|Any CPU.ActiveCfg = Mock|Any CPU
		{F264AE09-E519-4F11-B7FC-B2DCAF065EFD}.Mock|Any CPU.Build.0 = Mock|Any CPU
		{F264AE09-E519-4F11-B7FC-B2DCAF065EFD}.Mock|ARM.ActiveCfg = Mock|ARM
		{F264AE09-E519-4F11-B7FC-B2DCAF065EFD}.Mock|ARM.Build.0 = Mock|ARM
		{F264AE09-E519-4F11-B7FC-B2DCAF065EFD}.Mock|x64.ActiveCfg = Mock|x64
		{F264AE09-E519-4F11-B7FC-B2DCAF065EFD}.Mock|x64.Build.0 = Mock|x64
		{F264AE09-E519-4F11-B7FC-B2DCAF065EFD}.Mock|x86.ActiveCfg = Mock|x86
		{F264AE09-E519-4F11-B7FC-B2DCAF065EFD}.Mock|x86.Build.0 = Mock|x86
		{F264AE09-E519-4F11-B7FC-B2DCAF065EFD}.Release|Any CPU.ActiveCfg = Release|Any CPU
		{F264AE09-E519-4F11-B7FC-B2DCAF065EFD}.Release|Any CPU.Build.0 = Release|Any CPU
		{F264AE09-E519-4F11-B7FC-B2DCAF065EFD}.Release|ARM.ActiveCfg = Release|ARM
		{F264AE09-E519-4F11-B7FC-B2DCAF065EFD}.Release|ARM.Build.0 = Release|ARM
		{F264AE09-E519-4F11-B7FC-B2DCAF065EFD}.Release|x64.ActiveCfg = Release|x64
		{F264AE09-E519-4F11-B7FC-B2DCAF065EFD}.Release|x64.Build.0 = Release|x64
		{F264AE09-E519-4F11-B7FC-B2DCAF065EFD}.Release|x86.ActiveCfg = Release|x86
		{F264AE09-E519-4F11-B7FC-B2DCAF065EFD}.Release|x86.Build.0 = Release|x86
		{B89DC383-614A-49B2-A745-B7681441E4B7}.Debug|Any CPU.ActiveCfg = Debug|Any CPU
		{B89DC383-614A-49B2-A745-B7681441E4B7}.Debug|Any CPU.Build.0 = Debug|Any CPU
		{B89DC383-614A-49B2-A745-B7681441E4B7}.Debug|ARM.ActiveCfg = Debug|Any CPU
		{B89DC383-614A-49B2-A745-B7681441E4B7}.Debug|ARM.Build.0 = Debug|Any CPU
		{B89DC383-614A-49B2-A745-B7681441E4B7}.Debug|x64.ActiveCfg = Debug|Any CPU
		{B89DC383-614A-49B2-A745-B7681441E4B7}.Debug|x64.Build.0 = Debug|Any CPU
		{B89DC383-614A-49B2-A745-B7681441E4B7}.Debug|x86.ActiveCfg = Debug|Any CPU
		{B89DC383-614A-49B2-A745-B7681441E4B7}.Debug|x86.Build.0 = Debug|Any CPU
		{B89DC383-614A-49B2-A745-B7681441E4B7}.Mock|Any CPU.ActiveCfg = Debug|Any CPU
		{B89DC383-614A-49B2-A745-B7681441E4B7}.Mock|Any CPU.Build.0 = Debug|Any CPU
		{B89DC383-614A-49B2-A745-B7681441E4B7}.Mock|ARM.ActiveCfg = Debug|Any CPU
		{B89DC383-614A-49B2-A745-B7681441E4B7}.Mock|ARM.Build.0 = Debug|Any CPU
		{B89DC383-614A-49B2-A745-B7681441E4B7}.Mock|x64.ActiveCfg = Debug|Any CPU
		{B89DC383-614A-49B2-A745-B7681441E4B7}.Mock|x64.Build.0 = Debug|Any CPU
		{B89DC383-614A-49B2-A745-B7681441E4B7}.Mock|x86.ActiveCfg = Debug|Any CPU
		{B89DC383-614A-49B2-A745-B7681441E4B7}.Mock|x86.Build.0 = Debug|Any CPU
		{B89DC383-614A-49B2-A745-B7681441E4B7}.Release|Any CPU.ActiveCfg = Release|Any CPU
		{B89DC383-614A-49B2-A745-B7681441E4B7}.Release|Any CPU.Build.0 = Release|Any CPU
		{B89DC383-614A-49B2-A745-B7681441E4B7}.Release|ARM.ActiveCfg = Release|Any CPU
		{B89DC383-614A-49B2-A745-B7681441E4B7}.Release|ARM.Build.0 = Release|Any CPU
		{B89DC383-614A-49B2-A745-B7681441E4B7}.Release|x64.ActiveCfg = Release|Any CPU
		{B89DC383-614A-49B2-A745-B7681441E4B7}.Release|x64.Build.0 = Release|Any CPU
		{B89DC383-614A-49B2-A745-B7681441E4B7}.Release|x86.ActiveCfg = Release|Any CPU
		{B89DC383-614A-49B2-A745-B7681441E4B7}.Release|x86.Build.0 = Release|Any CPU
		{56693705-0D1F-4CEC-B492-57465CE1AF84}.Debug|Any CPU.ActiveCfg = Debug|Any CPU
		{56693705-0D1F-4CEC-B492-57465CE1AF84}.Debug|Any CPU.Build.0 = Debug|Any CPU
		{56693705-0D1F-4CEC-B492-57465CE1AF84}.Debug|ARM.ActiveCfg = Debug|Any CPU
		{56693705-0D1F-4CEC-B492-57465CE1AF84}.Debug|ARM.Build.0 = Debug|Any CPU
		{56693705-0D1F-4CEC-B492-57465CE1AF84}.Debug|x64.ActiveCfg = Debug|Any CPU
		{56693705-0D1F-4CEC-B492-57465CE1AF84}.Debug|x64.Build.0 = Debug|Any CPU
		{56693705-0D1F-4CEC-B492-57465CE1AF84}.Debug|x86.ActiveCfg = Debug|Any CPU
		{56693705-0D1F-4CEC-B492-57465CE1AF84}.Debug|x86.Build.0 = Debug|Any CPU
		{56693705-0D1F-4CEC-B492-57465CE1AF84}.Mock|Any CPU.ActiveCfg = Debug|Any CPU
		{56693705-0D1F-4CEC-B492-57465CE1AF84}.Mock|Any CPU.Build.0 = Debug|Any CPU
		{56693705-0D1F-4CEC-B492-57465CE1AF84}.Mock|ARM.ActiveCfg = Debug|Any CPU
		{56693705-0D1F-4CEC-B492-57465CE1AF84}.Mock|ARM.Build.0 = Debug|Any CPU
		{56693705-0D1F-4CEC-B492-57465CE1AF84}.Mock|x64.ActiveCfg = Debug|Any CPU
		{56693705-0D1F-4CEC-B492-57465CE1AF84}.Mock|x64.Build.0 = Debug|Any CPU
		{56693705-0D1F-4CEC-B492-57465CE1AF84}.Mock|x86.ActiveCfg = Debug|Any CPU
		{56693705-0D1F-4CEC-B492-57465CE1AF84}.Mock|x86.Build.0 = Debug|Any CPU
		{56693705-0D1F-4CEC-B492-57465CE1AF84}.Release|Any CPU.ActiveCfg = Release|Any CPU
		{56693705-0D1F-4CEC-B492-57465CE1AF84}.Release|Any CPU.Build.0 = Release|Any CPU
		{56693705-0D1F-4CEC-B492-57465CE1AF84}.Release|ARM.ActiveCfg = Release|Any CPU
		{56693705-0D1F-4CEC-B492-57465CE1AF84}.Release|ARM.Build.0 = Release|Any CPU
		{56693705-0D1F-4CEC-B492-57465CE1AF84}.Release|x64.ActiveCfg = Release|Any CPU
		{56693705-0D1F-4CEC-B492-57465CE1AF84}.Release|x64.Build.0 = Release|Any CPU
		{56693705-0D1F-4CEC-B492-57465CE1AF84}.Release|x86.ActiveCfg = Release|Any CPU
		{56693705-0D1F-4CEC-B492-57465CE1AF84}.Release|x86.Build.0 = Release|Any CPU
		{09171C31-27EB-4376-93BF-20DA4C2CC133}.Debug|Any CPU.ActiveCfg = Debug|Any CPU
		{09171C31-27EB-4376-93BF-20DA4C2CC133}.Debug|Any CPU.Build.0 = Debug|Any CPU
		{09171C31-27EB-4376-93BF-20DA4C2CC133}.Debug|ARM.ActiveCfg = Debug|Any CPU
		{09171C31-27EB-4376-93BF-20DA4C2CC133}.Debug|ARM.Build.0 = Debug|Any CPU
		{09171C31-27EB-4376-93BF-20DA4C2CC133}.Debug|x64.ActiveCfg = Debug|Any CPU
		{09171C31-27EB-4376-93BF-20DA4C2CC133}.Debug|x64.Build.0 = Debug|Any CPU
		{09171C31-27EB-4376-93BF-20DA4C2CC133}.Debug|x86.ActiveCfg = Debug|Any CPU
		{09171C31-27EB-4376-93BF-20DA4C2CC133}.Debug|x86.Build.0 = Debug|Any CPU
		{09171C31-27EB-4376-93BF-20DA4C2CC133}.Mock|Any CPU.ActiveCfg = Debug|Any CPU
		{09171C31-27EB-4376-93BF-20DA4C2CC133}.Mock|Any CPU.Build.0 = Debug|Any CPU
		{09171C31-27EB-4376-93BF-20DA4C2CC133}.Mock|ARM.ActiveCfg = Debug|Any CPU
		{09171C31-27EB-4376-93BF-20DA4C2CC133}.Mock|ARM.Build.0 = Debug|Any CPU
		{09171C31-27EB-4376-93BF-20DA4C2CC133}.Mock|x64.ActiveCfg = Debug|Any CPU
		{09171C31-27EB-4376-93BF-20DA4C2CC133}.Mock|x64.Build.0 = Debug|Any CPU
		{09171C31-27EB-4376-93BF-20DA4C2CC133}.Mock|x86.ActiveCfg = Debug|Any CPU
		{09171C31-27EB-4376-93BF-20DA4C2CC133}.Mock|x86.Build.0 = Debug|Any CPU
		{09171C31-27EB-4376-93BF-20DA4C2CC133}.Release|Any CPU.ActiveCfg = Release|Any CPU
		{09171C31-27EB-4376-93BF-20DA4C2CC133}.Release|Any CPU.Build.0 = Release|Any CPU
		{09171C31-27EB-4376-93BF-20DA4C2CC133}.Release|ARM.ActiveCfg = Release|Any CPU
		{09171C31-27EB-4376-93BF-20DA4C2CC133}.Release|ARM.Build.0 = Release|Any CPU
		{09171C31-27EB-4376-93BF-20DA4C2CC133}.Release|x64.ActiveCfg = Release|Any CPU
		{09171C31-27EB-4376-93BF-20DA4C2CC133}.Release|x64.Build.0 = Release|Any CPU
		{09171C31-27EB-4376-93BF-20DA4C2CC133}.Release|x86.ActiveCfg = Release|Any CPU
		{09171C31-27EB-4376-93BF-20DA4C2CC133}.Release|x86.Build.0 = Release|Any CPU
	EndGlobalSection
	GlobalSection(SolutionProperties) = preSolution
		HideSolutionNode = FALSE
	EndGlobalSection
	GlobalSection(ExtensibilityGlobals) = postSolution
		SolutionGuid = {CEC83189-6ABD-459C-B997-35F622242463}
	EndGlobalSection
EndGlobal
