
Microsoft Visual Studio Solution File, Format Version 12.00
# Visual Studio 15
VisualStudioVersion = 15.0.27004.2002
MinimumVisualStudioVersion = 10.0.40219.1
Project("{FAE04EC0-301F-11D3-BF4B-00C04F79EFBC}") = "Miriot.Mobile.Android", "Miriot.Mobile\Miriot.Mobile.Android\Miriot.Mobile.Android.csproj", "{063292A8-E6E4-41A9-9DFC-6BDABD78F973}"
EndProject
Project("{FAE04EC0-301F-11D3-BF4B-00C04F79EFBC}") = "Miriot.Mobile.iOS", "Miriot.Mobile\Miriot.Mobile.iOS\Miriot.Mobile.iOS.csproj", "{EB350075-0F96-438A-9E27-729F226DE6A3}"
EndProject
Project("{FAE04EC0-301F-11D3-BF4B-00C04F79EFBC}") = "Miriot.Mobile.UWP", "Miriot.Mobile\Miriot.Mobile.UWP\Miriot.Mobile.UWP.csproj", "{B5377782-F1CA-4738-BE9F-952030988A5D}"
EndProject
Project("{FAE04EC0-301F-11D3-BF4B-00C04F79EFBC}") = "Miriot.Common", "Miriot.Common\Miriot.Common.csproj", "{342667A9-E42E-4EC7-BA7D-7CD0996D2472}"
EndProject
Project("{FAE04EC0-301F-11D3-BF4B-00C04F79EFBC}") = "Miriot.Core", "Miriot.Core\Miriot.Core.csproj", "{DE42A784-5E55-4D6C-9E41-55EEE811CA57}"
EndProject
Project("{9A19103F-16F7-4668-BE54-9A1E7A4F7556}") = "Miriot.Mobile", "Miriot.Mobile\Miriot.Mobile\Miriot.Mobile.csproj", "{D92B67DE-450A-44BE-B9A7-BE18121FB67A}"
EndProject
Global
	GlobalSection(SolutionConfigurationPlatforms) = preSolution
		Debug|Any CPU = Debug|Any CPU
		Debug|ARM = Debug|ARM
		Debug|iPhone = Debug|iPhone
		Debug|iPhoneSimulator = Debug|iPhoneSimulator
		Debug|x64 = Debug|x64
		Debug|x86 = Debug|x86
		Mock|Any CPU = Mock|Any CPU
		Mock|ARM = Mock|ARM
		Mock|iPhone = Mock|iPhone
		Mock|iPhoneSimulator = Mock|iPhoneSimulator
		Mock|x64 = Mock|x64
		Mock|x86 = Mock|x86
		Release|Any CPU = Release|Any CPU
		Release|ARM = Release|ARM
		Release|iPhone = Release|iPhone
		Release|iPhoneSimulator = Release|iPhoneSimulator
		Release|x64 = Release|x64
		Release|x86 = Release|x86
	EndGlobalSection
	GlobalSection(ProjectConfigurationPlatforms) = postSolution
		{063292A8-E6E4-41A9-9DFC-6BDABD78F973}.Debug|Any CPU.ActiveCfg = Debug|Any CPU
		{063292A8-E6E4-41A9-9DFC-6BDABD78F973}.Debug|Any CPU.Build.0 = Debug|Any CPU
		{063292A8-E6E4-41A9-9DFC-6BDABD78F973}.Debug|Any CPU.Deploy.0 = Debug|Any CPU
		{063292A8-E6E4-41A9-9DFC-6BDABD78F973}.Debug|ARM.ActiveCfg = Debug|Any CPU
		{063292A8-E6E4-41A9-9DFC-6BDABD78F973}.Debug|ARM.Build.0 = Debug|Any CPU
		{063292A8-E6E4-41A9-9DFC-6BDABD78F973}.Debug|ARM.Deploy.0 = Debug|Any CPU
		{063292A8-E6E4-41A9-9DFC-6BDABD78F973}.Debug|iPhone.ActiveCfg = Debug|Any CPU
		{063292A8-E6E4-41A9-9DFC-6BDABD78F973}.Debug|iPhone.Build.0 = Debug|Any CPU
		{063292A8-E6E4-41A9-9DFC-6BDABD78F973}.Debug|iPhone.Deploy.0 = Debug|Any CPU
		{063292A8-E6E4-41A9-9DFC-6BDABD78F973}.Debug|iPhoneSimulator.ActiveCfg = Debug|Any CPU
		{063292A8-E6E4-41A9-9DFC-6BDABD78F973}.Debug|iPhoneSimulator.Build.0 = Debug|Any CPU
		{063292A8-E6E4-41A9-9DFC-6BDABD78F973}.Debug|iPhoneSimulator.Deploy.0 = Debug|Any CPU
		{063292A8-E6E4-41A9-9DFC-6BDABD78F973}.Debug|x64.ActiveCfg = Debug|Any CPU
		{063292A8-E6E4-41A9-9DFC-6BDABD78F973}.Debug|x64.Build.0 = Debug|Any CPU
		{063292A8-E6E4-41A9-9DFC-6BDABD78F973}.Debug|x64.Deploy.0 = Debug|Any CPU
		{063292A8-E6E4-41A9-9DFC-6BDABD78F973}.Debug|x86.ActiveCfg = Debug|Any CPU
		{063292A8-E6E4-41A9-9DFC-6BDABD78F973}.Debug|x86.Build.0 = Debug|Any CPU
		{063292A8-E6E4-41A9-9DFC-6BDABD78F973}.Debug|x86.Deploy.0 = Debug|Any CPU
		{063292A8-E6E4-41A9-9DFC-6BDABD78F973}.Mock|Any CPU.ActiveCfg = Release|Any CPU
		{063292A8-E6E4-41A9-9DFC-6BDABD78F973}.Mock|Any CPU.Build.0 = Release|Any CPU
		{063292A8-E6E4-41A9-9DFC-6BDABD78F973}.Mock|Any CPU.Deploy.0 = Release|Any CPU
		{063292A8-E6E4-41A9-9DFC-6BDABD78F973}.Mock|ARM.ActiveCfg = Release|Any CPU
		{063292A8-E6E4-41A9-9DFC-6BDABD78F973}.Mock|ARM.Build.0 = Release|Any CPU
		{063292A8-E6E4-41A9-9DFC-6BDABD78F973}.Mock|ARM.Deploy.0 = Release|Any CPU
		{063292A8-E6E4-41A9-9DFC-6BDABD78F973}.Mock|iPhone.ActiveCfg = Release|Any CPU
		{063292A8-E6E4-41A9-9DFC-6BDABD78F973}.Mock|iPhone.Build.0 = Release|Any CPU
		{063292A8-E6E4-41A9-9DFC-6BDABD78F973}.Mock|iPhone.Deploy.0 = Release|Any CPU
		{063292A8-E6E4-41A9-9DFC-6BDABD78F973}.Mock|iPhoneSimulator.ActiveCfg = Release|Any CPU
		{063292A8-E6E4-41A9-9DFC-6BDABD78F973}.Mock|iPhoneSimulator.Build.0 = Release|Any CPU
		{063292A8-E6E4-41A9-9DFC-6BDABD78F973}.Mock|iPhoneSimulator.Deploy.0 = Release|Any CPU
		{063292A8-E6E4-41A9-9DFC-6BDABD78F973}.Mock|x64.ActiveCfg = Release|Any CPU
		{063292A8-E6E4-41A9-9DFC-6BDABD78F973}.Mock|x64.Build.0 = Release|Any CPU
		{063292A8-E6E4-41A9-9DFC-6BDABD78F973}.Mock|x64.Deploy.0 = Release|Any CPU
		{063292A8-E6E4-41A9-9DFC-6BDABD78F973}.Mock|x86.ActiveCfg = Release|Any CPU
		{063292A8-E6E4-41A9-9DFC-6BDABD78F973}.Mock|x86.Build.0 = Release|Any CPU
		{063292A8-E6E4-41A9-9DFC-6BDABD78F973}.Mock|x86.Deploy.0 = Release|Any CPU
		{063292A8-E6E4-41A9-9DFC-6BDABD78F973}.Release|Any CPU.ActiveCfg = Release|Any CPU
		{063292A8-E6E4-41A9-9DFC-6BDABD78F973}.Release|Any CPU.Build.0 = Release|Any CPU
		{063292A8-E6E4-41A9-9DFC-6BDABD78F973}.Release|Any CPU.Deploy.0 = Release|Any CPU
		{063292A8-E6E4-41A9-9DFC-6BDABD78F973}.Release|ARM.ActiveCfg = Release|Any CPU
		{063292A8-E6E4-41A9-9DFC-6BDABD78F973}.Release|ARM.Build.0 = Release|Any CPU
		{063292A8-E6E4-41A9-9DFC-6BDABD78F973}.Release|ARM.Deploy.0 = Release|Any CPU
		{063292A8-E6E4-41A9-9DFC-6BDABD78F973}.Release|iPhone.ActiveCfg = Release|Any CPU
		{063292A8-E6E4-41A9-9DFC-6BDABD78F973}.Release|iPhone.Build.0 = Release|Any CPU
		{063292A8-E6E4-41A9-9DFC-6BDABD78F973}.Release|iPhone.Deploy.0 = Release|Any CPU
		{063292A8-E6E4-41A9-9DFC-6BDABD78F973}.Release|iPhoneSimulator.ActiveCfg = Release|Any CPU
		{063292A8-E6E4-41A9-9DFC-6BDABD78F973}.Release|iPhoneSimulator.Build.0 = Release|Any CPU
		{063292A8-E6E4-41A9-9DFC-6BDABD78F973}.Release|iPhoneSimulator.Deploy.0 = Release|Any CPU
		{063292A8-E6E4-41A9-9DFC-6BDABD78F973}.Release|x64.ActiveCfg = Release|Any CPU
		{063292A8-E6E4-41A9-9DFC-6BDABD78F973}.Release|x64.Build.0 = Release|Any CPU
		{063292A8-E6E4-41A9-9DFC-6BDABD78F973}.Release|x64.Deploy.0 = Release|Any CPU
		{063292A8-E6E4-41A9-9DFC-6BDABD78F973}.Release|x86.ActiveCfg = Release|Any CPU
		{063292A8-E6E4-41A9-9DFC-6BDABD78F973}.Release|x86.Build.0 = Release|Any CPU
		{063292A8-E6E4-41A9-9DFC-6BDABD78F973}.Release|x86.Deploy.0 = Release|Any CPU
		{EB350075-0F96-438A-9E27-729F226DE6A3}.Debug|Any CPU.ActiveCfg = Debug|iPhoneSimulator
		{EB350075-0F96-438A-9E27-729F226DE6A3}.Debug|ARM.ActiveCfg = Debug|iPhone
		{EB350075-0F96-438A-9E27-729F226DE6A3}.Debug|iPhone.ActiveCfg = Debug|iPhone
		{EB350075-0F96-438A-9E27-729F226DE6A3}.Debug|iPhone.Build.0 = Debug|iPhone
		{EB350075-0F96-438A-9E27-729F226DE6A3}.Debug|iPhoneSimulator.ActiveCfg = Debug|iPhoneSimulator
		{EB350075-0F96-438A-9E27-729F226DE6A3}.Debug|iPhoneSimulator.Build.0 = Debug|iPhoneSimulator
		{EB350075-0F96-438A-9E27-729F226DE6A3}.Debug|x64.ActiveCfg = Debug|iPhone
		{EB350075-0F96-438A-9E27-729F226DE6A3}.Debug|x86.ActiveCfg = Debug|iPhone
		{EB350075-0F96-438A-9E27-729F226DE6A3}.Mock|Any CPU.ActiveCfg = Release|iPhone
		{EB350075-0F96-438A-9E27-729F226DE6A3}.Mock|Any CPU.Build.0 = Release|iPhone
		{EB350075-0F96-438A-9E27-729F226DE6A3}.Mock|ARM.ActiveCfg = Release|iPhone
		{EB350075-0F96-438A-9E27-729F226DE6A3}.Mock|ARM.Build.0 = Release|iPhone
		{EB350075-0F96-438A-9E27-729F226DE6A3}.Mock|iPhone.ActiveCfg = Release|iPhone
		{EB350075-0F96-438A-9E27-729F226DE6A3}.Mock|iPhone.Build.0 = Release|iPhone
		{EB350075-0F96-438A-9E27-729F226DE6A3}.Mock|iPhoneSimulator.ActiveCfg = Release|iPhoneSimulator
		{EB350075-0F96-438A-9E27-729F226DE6A3}.Mock|iPhoneSimulator.Build.0 = Release|iPhoneSimulator
		{EB350075-0F96-438A-9E27-729F226DE6A3}.Mock|x64.ActiveCfg = Release|iPhone
		{EB350075-0F96-438A-9E27-729F226DE6A3}.Mock|x64.Build.0 = Release|iPhone
		{EB350075-0F96-438A-9E27-729F226DE6A3}.Mock|x86.ActiveCfg = Release|iPhone
		{EB350075-0F96-438A-9E27-729F226DE6A3}.Mock|x86.Build.0 = Release|iPhone
		{EB350075-0F96-438A-9E27-729F226DE6A3}.Release|Any CPU.ActiveCfg = Release|iPhoneSimulator
		{EB350075-0F96-438A-9E27-729F226DE6A3}.Release|ARM.ActiveCfg = Release|iPhone
		{EB350075-0F96-438A-9E27-729F226DE6A3}.Release|iPhone.ActiveCfg = Release|iPhone
		{EB350075-0F96-438A-9E27-729F226DE6A3}.Release|iPhone.Build.0 = Release|iPhone
		{EB350075-0F96-438A-9E27-729F226DE6A3}.Release|iPhoneSimulator.ActiveCfg = Release|iPhoneSimulator
		{EB350075-0F96-438A-9E27-729F226DE6A3}.Release|iPhoneSimulator.Build.0 = Release|iPhoneSimulator
		{EB350075-0F96-438A-9E27-729F226DE6A3}.Release|x64.ActiveCfg = Release|iPhone
		{EB350075-0F96-438A-9E27-729F226DE6A3}.Release|x86.ActiveCfg = Release|iPhone
		{B5377782-F1CA-4738-BE9F-952030988A5D}.Debug|Any CPU.ActiveCfg = Debug|x86
		{B5377782-F1CA-4738-BE9F-952030988A5D}.Debug|ARM.ActiveCfg = Debug|ARM
		{B5377782-F1CA-4738-BE9F-952030988A5D}.Debug|ARM.Build.0 = Debug|ARM
		{B5377782-F1CA-4738-BE9F-952030988A5D}.Debug|ARM.Deploy.0 = Debug|ARM
		{B5377782-F1CA-4738-BE9F-952030988A5D}.Debug|iPhone.ActiveCfg = Debug|x86
		{B5377782-F1CA-4738-BE9F-952030988A5D}.Debug|iPhoneSimulator.ActiveCfg = Debug|x86
		{B5377782-F1CA-4738-BE9F-952030988A5D}.Debug|x64.ActiveCfg = Debug|x64
		{B5377782-F1CA-4738-BE9F-952030988A5D}.Debug|x64.Build.0 = Debug|x64
		{B5377782-F1CA-4738-BE9F-952030988A5D}.Debug|x64.Deploy.0 = Debug|x64
		{B5377782-F1CA-4738-BE9F-952030988A5D}.Debug|x86.ActiveCfg = Debug|x86
		{B5377782-F1CA-4738-BE9F-952030988A5D}.Debug|x86.Build.0 = Debug|x86
		{B5377782-F1CA-4738-BE9F-952030988A5D}.Debug|x86.Deploy.0 = Debug|x86
		{B5377782-F1CA-4738-BE9F-952030988A5D}.Mock|Any CPU.ActiveCfg = Release|x64
		{B5377782-F1CA-4738-BE9F-952030988A5D}.Mock|Any CPU.Build.0 = Release|x64
		{B5377782-F1CA-4738-BE9F-952030988A5D}.Mock|Any CPU.Deploy.0 = Release|x64
		{B5377782-F1CA-4738-BE9F-952030988A5D}.Mock|ARM.ActiveCfg = Release|ARM
		{B5377782-F1CA-4738-BE9F-952030988A5D}.Mock|ARM.Build.0 = Release|ARM
		{B5377782-F1CA-4738-BE9F-952030988A5D}.Mock|ARM.Deploy.0 = Release|ARM
		{B5377782-F1CA-4738-BE9F-952030988A5D}.Mock|iPhone.ActiveCfg = Release|x64
		{B5377782-F1CA-4738-BE9F-952030988A5D}.Mock|iPhone.Build.0 = Release|x64
		{B5377782-F1CA-4738-BE9F-952030988A5D}.Mock|iPhone.Deploy.0 = Release|x64
		{B5377782-F1CA-4738-BE9F-952030988A5D}.Mock|iPhoneSimulator.ActiveCfg = Release|x64
		{B5377782-F1CA-4738-BE9F-952030988A5D}.Mock|iPhoneSimulator.Build.0 = Release|x64
		{B5377782-F1CA-4738-BE9F-952030988A5D}.Mock|iPhoneSimulator.Deploy.0 = Release|x64
		{B5377782-F1CA-4738-BE9F-952030988A5D}.Mock|x64.ActiveCfg = Release|x64
		{B5377782-F1CA-4738-BE9F-952030988A5D}.Mock|x64.Build.0 = Release|x64
		{B5377782-F1CA-4738-BE9F-952030988A5D}.Mock|x64.Deploy.0 = Release|x64
		{B5377782-F1CA-4738-BE9F-952030988A5D}.Mock|x86.ActiveCfg = Release|x86
		{B5377782-F1CA-4738-BE9F-952030988A5D}.Mock|x86.Build.0 = Release|x86
		{B5377782-F1CA-4738-BE9F-952030988A5D}.Mock|x86.Deploy.0 = Release|x86
		{B5377782-F1CA-4738-BE9F-952030988A5D}.Release|Any CPU.ActiveCfg = Release|x86
		{B5377782-F1CA-4738-BE9F-952030988A5D}.Release|ARM.ActiveCfg = Release|ARM
		{B5377782-F1CA-4738-BE9F-952030988A5D}.Release|ARM.Build.0 = Release|ARM
		{B5377782-F1CA-4738-BE9F-952030988A5D}.Release|ARM.Deploy.0 = Release|ARM
		{B5377782-F1CA-4738-BE9F-952030988A5D}.Release|iPhone.ActiveCfg = Release|x86
		{B5377782-F1CA-4738-BE9F-952030988A5D}.Release|iPhoneSimulator.ActiveCfg = Release|x86
		{B5377782-F1CA-4738-BE9F-952030988A5D}.Release|x64.ActiveCfg = Release|x64
		{B5377782-F1CA-4738-BE9F-952030988A5D}.Release|x64.Build.0 = Release|x64
		{B5377782-F1CA-4738-BE9F-952030988A5D}.Release|x64.Deploy.0 = Release|x64
		{B5377782-F1CA-4738-BE9F-952030988A5D}.Release|x86.ActiveCfg = Release|x86
		{B5377782-F1CA-4738-BE9F-952030988A5D}.Release|x86.Build.0 = Release|x86
		{B5377782-F1CA-4738-BE9F-952030988A5D}.Release|x86.Deploy.0 = Release|x86
		{342667A9-E42E-4EC7-BA7D-7CD0996D2472}.Debug|Any CPU.ActiveCfg = Debug|Any CPU
		{342667A9-E42E-4EC7-BA7D-7CD0996D2472}.Debug|Any CPU.Build.0 = Debug|Any CPU
		{342667A9-E42E-4EC7-BA7D-7CD0996D2472}.Debug|ARM.ActiveCfg = Debug|Any CPU
		{342667A9-E42E-4EC7-BA7D-7CD0996D2472}.Debug|ARM.Build.0 = Debug|Any CPU
		{342667A9-E42E-4EC7-BA7D-7CD0996D2472}.Debug|iPhone.ActiveCfg = Debug|Any CPU
		{342667A9-E42E-4EC7-BA7D-7CD0996D2472}.Debug|iPhone.Build.0 = Debug|Any CPU
		{342667A9-E42E-4EC7-BA7D-7CD0996D2472}.Debug|iPhoneSimulator.ActiveCfg = Debug|Any CPU
		{342667A9-E42E-4EC7-BA7D-7CD0996D2472}.Debug|iPhoneSimulator.Build.0 = Debug|Any CPU
		{342667A9-E42E-4EC7-BA7D-7CD0996D2472}.Debug|x64.ActiveCfg = Debug|Any CPU
		{342667A9-E42E-4EC7-BA7D-7CD0996D2472}.Debug|x64.Build.0 = Debug|Any CPU
		{342667A9-E42E-4EC7-BA7D-7CD0996D2472}.Debug|x86.ActiveCfg = Debug|Any CPU
		{342667A9-E42E-4EC7-BA7D-7CD0996D2472}.Debug|x86.Build.0 = Debug|Any CPU
		{342667A9-E42E-4EC7-BA7D-7CD0996D2472}.Mock|Any CPU.ActiveCfg = Mock|Any CPU
		{342667A9-E42E-4EC7-BA7D-7CD0996D2472}.Mock|Any CPU.Build.0 = Mock|Any CPU
		{342667A9-E42E-4EC7-BA7D-7CD0996D2472}.Mock|ARM.ActiveCfg = Mock|Any CPU
		{342667A9-E42E-4EC7-BA7D-7CD0996D2472}.Mock|ARM.Build.0 = Mock|Any CPU
		{342667A9-E42E-4EC7-BA7D-7CD0996D2472}.Mock|iPhone.ActiveCfg = Mock|Any CPU
		{342667A9-E42E-4EC7-BA7D-7CD0996D2472}.Mock|iPhone.Build.0 = Mock|Any CPU
		{342667A9-E42E-4EC7-BA7D-7CD0996D2472}.Mock|iPhoneSimulator.ActiveCfg = Mock|Any CPU
		{342667A9-E42E-4EC7-BA7D-7CD0996D2472}.Mock|iPhoneSimulator.Build.0 = Mock|Any CPU
		{342667A9-E42E-4EC7-BA7D-7CD0996D2472}.Mock|x64.ActiveCfg = Mock|Any CPU
		{342667A9-E42E-4EC7-BA7D-7CD0996D2472}.Mock|x64.Build.0 = Mock|Any CPU
		{342667A9-E42E-4EC7-BA7D-7CD0996D2472}.Mock|x86.ActiveCfg = Mock|Any CPU
		{342667A9-E42E-4EC7-BA7D-7CD0996D2472}.Mock|x86.Build.0 = Mock|Any CPU
		{342667A9-E42E-4EC7-BA7D-7CD0996D2472}.Release|Any CPU.ActiveCfg = Release|Any CPU
		{342667A9-E42E-4EC7-BA7D-7CD0996D2472}.Release|Any CPU.Build.0 = Release|Any CPU
		{342667A9-E42E-4EC7-BA7D-7CD0996D2472}.Release|ARM.ActiveCfg = Release|Any CPU
		{342667A9-E42E-4EC7-BA7D-7CD0996D2472}.Release|ARM.Build.0 = Release|Any CPU
		{342667A9-E42E-4EC7-BA7D-7CD0996D2472}.Release|iPhone.ActiveCfg = Release|Any CPU
		{342667A9-E42E-4EC7-BA7D-7CD0996D2472}.Release|iPhone.Build.0 = Release|Any CPU
		{342667A9-E42E-4EC7-BA7D-7CD0996D2472}.Release|iPhoneSimulator.ActiveCfg = Release|Any CPU
		{342667A9-E42E-4EC7-BA7D-7CD0996D2472}.Release|iPhoneSimulator.Build.0 = Release|Any CPU
		{342667A9-E42E-4EC7-BA7D-7CD0996D2472}.Release|x64.ActiveCfg = Release|Any CPU
		{342667A9-E42E-4EC7-BA7D-7CD0996D2472}.Release|x64.Build.0 = Release|Any CPU
		{342667A9-E42E-4EC7-BA7D-7CD0996D2472}.Release|x86.ActiveCfg = Release|Any CPU
		{342667A9-E42E-4EC7-BA7D-7CD0996D2472}.Release|x86.Build.0 = Release|Any CPU
		{DE42A784-5E55-4D6C-9E41-55EEE811CA57}.Debug|Any CPU.ActiveCfg = Debug|Any CPU
		{DE42A784-5E55-4D6C-9E41-55EEE811CA57}.Debug|Any CPU.Build.0 = Debug|Any CPU
		{DE42A784-5E55-4D6C-9E41-55EEE811CA57}.Debug|ARM.ActiveCfg = Debug|Any CPU
		{DE42A784-5E55-4D6C-9E41-55EEE811CA57}.Debug|ARM.Build.0 = Debug|Any CPU
		{DE42A784-5E55-4D6C-9E41-55EEE811CA57}.Debug|iPhone.ActiveCfg = Debug|Any CPU
		{DE42A784-5E55-4D6C-9E41-55EEE811CA57}.Debug|iPhone.Build.0 = Debug|Any CPU
		{DE42A784-5E55-4D6C-9E41-55EEE811CA57}.Debug|iPhoneSimulator.ActiveCfg = Debug|Any CPU
		{DE42A784-5E55-4D6C-9E41-55EEE811CA57}.Debug|iPhoneSimulator.Build.0 = Debug|Any CPU
		{DE42A784-5E55-4D6C-9E41-55EEE811CA57}.Debug|x64.ActiveCfg = Debug|Any CPU
		{DE42A784-5E55-4D6C-9E41-55EEE811CA57}.Debug|x64.Build.0 = Debug|Any CPU
		{DE42A784-5E55-4D6C-9E41-55EEE811CA57}.Debug|x86.ActiveCfg = Debug|Any CPU
		{DE42A784-5E55-4D6C-9E41-55EEE811CA57}.Debug|x86.Build.0 = Debug|Any CPU
		{DE42A784-5E55-4D6C-9E41-55EEE811CA57}.Mock|Any CPU.ActiveCfg = Mock|Any CPU
		{DE42A784-5E55-4D6C-9E41-55EEE811CA57}.Mock|Any CPU.Build.0 = Mock|Any CPU
		{DE42A784-5E55-4D6C-9E41-55EEE811CA57}.Mock|ARM.ActiveCfg = Mock|Any CPU
		{DE42A784-5E55-4D6C-9E41-55EEE811CA57}.Mock|ARM.Build.0 = Mock|Any CPU
		{DE42A784-5E55-4D6C-9E41-55EEE811CA57}.Mock|iPhone.ActiveCfg = Mock|Any CPU
		{DE42A784-5E55-4D6C-9E41-55EEE811CA57}.Mock|iPhone.Build.0 = Mock|Any CPU
		{DE42A784-5E55-4D6C-9E41-55EEE811CA57}.Mock|iPhoneSimulator.ActiveCfg = Mock|Any CPU
		{DE42A784-5E55-4D6C-9E41-55EEE811CA57}.Mock|iPhoneSimulator.Build.0 = Mock|Any CPU
		{DE42A784-5E55-4D6C-9E41-55EEE811CA57}.Mock|x64.ActiveCfg = Mock|Any CPU
		{DE42A784-5E55-4D6C-9E41-55EEE811CA57}.Mock|x64.Build.0 = Mock|Any CPU
		{DE42A784-5E55-4D6C-9E41-55EEE811CA57}.Mock|x86.ActiveCfg = Mock|Any CPU
		{DE42A784-5E55-4D6C-9E41-55EEE811CA57}.Mock|x86.Build.0 = Mock|Any CPU
		{DE42A784-5E55-4D6C-9E41-55EEE811CA57}.Release|Any CPU.ActiveCfg = Release|Any CPU
		{DE42A784-5E55-4D6C-9E41-55EEE811CA57}.Release|Any CPU.Build.0 = Release|Any CPU
		{DE42A784-5E55-4D6C-9E41-55EEE811CA57}.Release|ARM.ActiveCfg = Release|Any CPU
		{DE42A784-5E55-4D6C-9E41-55EEE811CA57}.Release|ARM.Build.0 = Release|Any CPU
		{DE42A784-5E55-4D6C-9E41-55EEE811CA57}.Release|iPhone.ActiveCfg = Release|Any CPU
		{DE42A784-5E55-4D6C-9E41-55EEE811CA57}.Release|iPhone.Build.0 = Release|Any CPU
		{DE42A784-5E55-4D6C-9E41-55EEE811CA57}.Release|iPhoneSimulator.ActiveCfg = Release|Any CPU
		{DE42A784-5E55-4D6C-9E41-55EEE811CA57}.Release|iPhoneSimulator.Build.0 = Release|Any CPU
		{DE42A784-5E55-4D6C-9E41-55EEE811CA57}.Release|x64.ActiveCfg = Release|Any CPU
		{DE42A784-5E55-4D6C-9E41-55EEE811CA57}.Release|x64.Build.0 = Release|Any CPU
		{DE42A784-5E55-4D6C-9E41-55EEE811CA57}.Release|x86.ActiveCfg = Release|Any CPU
		{DE42A784-5E55-4D6C-9E41-55EEE811CA57}.Release|x86.Build.0 = Release|Any CPU
		{D92B67DE-450A-44BE-B9A7-BE18121FB67A}.Debug|Any CPU.ActiveCfg = Debug|Any CPU
		{D92B67DE-450A-44BE-B9A7-BE18121FB67A}.Debug|Any CPU.Build.0 = Debug|Any CPU
		{D92B67DE-450A-44BE-B9A7-BE18121FB67A}.Debug|ARM.ActiveCfg = Debug|Any CPU
		{D92B67DE-450A-44BE-B9A7-BE18121FB67A}.Debug|ARM.Build.0 = Debug|Any CPU
		{D92B67DE-450A-44BE-B9A7-BE18121FB67A}.Debug|iPhone.ActiveCfg = Debug|Any CPU
		{D92B67DE-450A-44BE-B9A7-BE18121FB67A}.Debug|iPhone.Build.0 = Debug|Any CPU
		{D92B67DE-450A-44BE-B9A7-BE18121FB67A}.Debug|iPhoneSimulator.ActiveCfg = Debug|Any CPU
		{D92B67DE-450A-44BE-B9A7-BE18121FB67A}.Debug|iPhoneSimulator.Build.0 = Debug|Any CPU
		{D92B67DE-450A-44BE-B9A7-BE18121FB67A}.Debug|x64.ActiveCfg = Debug|Any CPU
		{D92B67DE-450A-44BE-B9A7-BE18121FB67A}.Debug|x64.Build.0 = Debug|Any CPU
		{D92B67DE-450A-44BE-B9A7-BE18121FB67A}.Debug|x86.ActiveCfg = Debug|Any CPU
		{D92B67DE-450A-44BE-B9A7-BE18121FB67A}.Debug|x86.Build.0 = Debug|Any CPU
		{D92B67DE-450A-44BE-B9A7-BE18121FB67A}.Mock|Any CPU.ActiveCfg = Debug|Any CPU
		{D92B67DE-450A-44BE-B9A7-BE18121FB67A}.Mock|Any CPU.Build.0 = Debug|Any CPU
		{D92B67DE-450A-44BE-B9A7-BE18121FB67A}.Mock|ARM.ActiveCfg = Debug|Any CPU
		{D92B67DE-450A-44BE-B9A7-BE18121FB67A}.Mock|ARM.Build.0 = Debug|Any CPU
		{D92B67DE-450A-44BE-B9A7-BE18121FB67A}.Mock|iPhone.ActiveCfg = Debug|Any CPU
		{D92B67DE-450A-44BE-B9A7-BE18121FB67A}.Mock|iPhone.Build.0 = Debug|Any CPU
		{D92B67DE-450A-44BE-B9A7-BE18121FB67A}.Mock|iPhoneSimulator.ActiveCfg = Debug|Any CPU
		{D92B67DE-450A-44BE-B9A7-BE18121FB67A}.Mock|iPhoneSimulator.Build.0 = Debug|Any CPU
		{D92B67DE-450A-44BE-B9A7-BE18121FB67A}.Mock|x64.ActiveCfg = Debug|Any CPU
		{D92B67DE-450A-44BE-B9A7-BE18121FB67A}.Mock|x64.Build.0 = Debug|Any CPU
		{D92B67DE-450A-44BE-B9A7-BE18121FB67A}.Mock|x86.ActiveCfg = Debug|Any CPU
		{D92B67DE-450A-44BE-B9A7-BE18121FB67A}.Mock|x86.Build.0 = Debug|Any CPU
		{D92B67DE-450A-44BE-B9A7-BE18121FB67A}.Release|Any CPU.ActiveCfg = Release|Any CPU
		{D92B67DE-450A-44BE-B9A7-BE18121FB67A}.Release|Any CPU.Build.0 = Release|Any CPU
		{D92B67DE-450A-44BE-B9A7-BE18121FB67A}.Release|ARM.ActiveCfg = Release|Any CPU
		{D92B67DE-450A-44BE-B9A7-BE18121FB67A}.Release|ARM.Build.0 = Release|Any CPU
		{D92B67DE-450A-44BE-B9A7-BE18121FB67A}.Release|iPhone.ActiveCfg = Release|Any CPU
		{D92B67DE-450A-44BE-B9A7-BE18121FB67A}.Release|iPhone.Build.0 = Release|Any CPU
		{D92B67DE-450A-44BE-B9A7-BE18121FB67A}.Release|iPhoneSimulator.ActiveCfg = Release|Any CPU
		{D92B67DE-450A-44BE-B9A7-BE18121FB67A}.Release|iPhoneSimulator.Build.0 = Release|Any CPU
		{D92B67DE-450A-44BE-B9A7-BE18121FB67A}.Release|x64.ActiveCfg = Release|Any CPU
		{D92B67DE-450A-44BE-B9A7-BE18121FB67A}.Release|x64.Build.0 = Release|Any CPU
		{D92B67DE-450A-44BE-B9A7-BE18121FB67A}.Release|x86.ActiveCfg = Release|Any CPU
		{D92B67DE-450A-44BE-B9A7-BE18121FB67A}.Release|x86.Build.0 = Release|Any CPU
	EndGlobalSection
	GlobalSection(SolutionProperties) = preSolution
		HideSolutionNode = FALSE
	EndGlobalSection
	GlobalSection(ExtensibilityGlobals) = postSolution
		SolutionGuid = {BC52C23A-9F60-4B82-8602-7F71ACA42889}
	EndGlobalSection
EndGlobal
